
Microsoft Visual Studio Solution File, Format Version 12.00
# Visual Studio Version 17
VisualStudioVersion = 17.4.33122.133
MinimumVisualStudioVersion = 10.0.40219.1
Project("{FAE04EC0-301F-11D3-BF4B-00C04F79EFBC}") = "NorthwindEfCodeFirst", "NorthwindEfCodeFirst\NorthwindEfCodeFirst.csproj", "{56DF377E-5676-46E2-9798-CEBA04BE915F}"
EndProject
Global
	GlobalSection(SolutionConfigurationPlatforms) = preSolution
		Debug|Any CPU = Debug|Any CPU
		Release|Any CPU = Release|Any CPU
	EndGlobalSection
	GlobalSection(ProjectConfigurationPlatforms) = postSolution
		{56DF377E-5676-46E2-9798-CEBA04BE915F}.Debug|Any CPU.ActiveCfg = Debug|Any CPU
		{56DF377E-5676-46E2-9798-CEBA04BE915F}.Debug|Any CPU.Build.0 = Debug|Any CPU
		{56DF377E-5676-46E2-9798-CEBA04BE915F}.Release|Any CPU.ActiveCfg = Release|Any CPU
		{56DF377E-5676-46E2-9798-CEBA04BE915F}.Release|Any CPU.Build.0 = Release|Any CPU
	EndGlobalSection
	GlobalSection(SolutionProperties) = preSolution
		HideSolutionNode = FALSE
	EndGlobalSection
	GlobalSection(ExtensibilityGlobals) = postSolution
		SolutionGuid = {89D885F1-67D5-4D3B-BD62-B84328103DF2}
	EndGlobalSection
EndGlobal
